// !$*UTF8*$!
{
	archiveVersion = 1;
	classes = {
	};
	objectVersion = 56;
	objects = {

/* Begin PBXBuildFile section */
		7813E2342B1EB11800267669 /* AppDelegate.swift in Sources */ = {isa = PBXBuildFile; fileRef = 7813E2332B1EB11800267669 /* AppDelegate.swift */; };
		7813E2362B1EB11800267669 /* SceneDelegate.swift in Sources */ = {isa = PBXBuildFile; fileRef = 7813E2352B1EB11800267669 /* SceneDelegate.swift */; };
		7813E2382B1EB11800267669 /* ViewController.swift in Sources */ = {isa = PBXBuildFile; fileRef = 7813E2372B1EB11800267669 /* ViewController.swift */; };
		7813E23B2B1EB11800267669 /* Main.storyboard in Resources */ = {isa = PBXBuildFile; fileRef = 7813E2392B1EB11800267669 /* Main.storyboard */; };
		7813E23D2B1EB11900267669 /* Assets.xcassets in Resources */ = {isa = PBXBuildFile; fileRef = 7813E23C2B1EB11900267669 /* Assets.xcassets */; };
		7813E2402B1EB11900267669 /* LaunchScreen.storyboard in Resources */ = {isa = PBXBuildFile; fileRef = 7813E23E2B1EB11900267669 /* LaunchScreen.storyboard */; };
		7813E24E2B1EB12500267669 /* UrlSessionUnitTestSampleTests.swift in Sources */ = {isa = PBXBuildFile; fileRef = 7813E24D2B1EB12500267669 /* UrlSessionUnitTestSampleTests.swift */; };
		7813E25A2B1EC9B000267669 /* API.swift in Sources */ = {isa = PBXBuildFile; fileRef = 7813E2592B1EC9B000267669 /* API.swift */; };
		7813E25D2B1ECA2C00267669 /* APIError.swift in Sources */ = {isa = PBXBuildFile; fileRef = 7813E25C2B1ECA2C00267669 /* APIError.swift */; };
		7813E2602B1ECB9C00267669 /* URLSessionProtocol.swift in Sources */ = {isa = PBXBuildFile; fileRef = 7813E25F2B1ECB9C00267669 /* URLSessionProtocol.swift */; };
		7813E2622B1EF07A00267669 /* StubURLSession.swift in Sources */ = {isa = PBXBuildFile; fileRef = 7813E2612B1EF07A00267669 /* StubURLSession.swift */; };
		7813E2642B1EF0A800267669 /* DummyData.swift in Sources */ = {isa = PBXBuildFile; fileRef = 7813E2632B1EF0A800267669 /* DummyData.swift */; };
		7813E2662B1EF0F800267669 /* StubURLSessionDataTask.swift in Sources */ = {isa = PBXBuildFile; fileRef = 7813E2652B1EF0F800267669 /* StubURLSessionDataTask.swift */; };
		7813E2682B1EF29800267669 /* StubUrlSessionTests.swift in Sources */ = {isa = PBXBuildFile; fileRef = 7813E2672B1EF29800267669 /* StubUrlSessionTests.swift */; };
/* End PBXBuildFile section */

/* Begin PBXContainerItemProxy section */
		7813E24F2B1EB12500267669 /* PBXContainerItemProxy */ = {
			isa = PBXContainerItemProxy;
			containerPortal = 7813E2282B1EB11800267669 /* Project object */;
			proxyType = 1;
			remoteGlobalIDString = 7813E22F2B1EB11800267669;
			remoteInfo = UrlSessionUnitTestSample;
		};
/* End PBXContainerItemProxy section */

/* Begin PBXFileReference section */
		7813E2302B1EB11800267669 /* UrlSessionUnitTestSample.app */ = {isa = PBXFileReference; explicitFileType = wrapper.application; includeInIndex = 0; path = UrlSessionUnitTestSample.app; sourceTree = BUILT_PRODUCTS_DIR; };
		7813E2332B1EB11800267669 /* AppDelegate.swift */ = {isa = PBXFileReference; lastKnownFileType = sourcecode.swift; path = AppDelegate.swift; sourceTree = "<group>"; };
		7813E2352B1EB11800267669 /* SceneDelegate.swift */ = {isa = PBXFileReference; lastKnownFileType = sourcecode.swift; path = SceneDelegate.swift; sourceTree = "<group>"; };
		7813E2372B1EB11800267669 /* ViewController.swift */ = {isa = PBXFileReference; lastKnownFileType = sourcecode.swift; path = ViewController.swift; sourceTree = "<group>"; };
		7813E23A2B1EB11800267669 /* Base */ = {isa = PBXFileReference; lastKnownFileType = file.storyboard; name = Base; path = Base.lproj/Main.storyboard; sourceTree = "<group>"; };
		7813E23C2B1EB11900267669 /* Assets.xcassets */ = {isa = PBXFileReference; lastKnownFileType = folder.assetcatalog; path = Assets.xcassets; sourceTree = "<group>"; };
		7813E23F2B1EB11900267669 /* Base */ = {isa = PBXFileReference; lastKnownFileType = file.storyboard; name = Base; path = Base.lproj/LaunchScreen.storyboard; sourceTree = "<group>"; };
		7813E2412B1EB11900267669 /* Info.plist */ = {isa = PBXFileReference; lastKnownFileType = text.plist.xml; path = Info.plist; sourceTree = "<group>"; };
		7813E24B2B1EB12500267669 /* UrlSessionUnitTestSampleTests.xctest */ = {isa = PBXFileReference; explicitFileType = wrapper.cfbundle; includeInIndex = 0; path = UrlSessionUnitTestSampleTests.xctest; sourceTree = BUILT_PRODUCTS_DIR; };
		7813E24D2B1EB12500267669 /* UrlSessionUnitTestSampleTests.swift */ = {isa = PBXFileReference; lastKnownFileType = sourcecode.swift; path = UrlSessionUnitTestSampleTests.swift; sourceTree = "<group>"; };
		7813E2592B1EC9B000267669 /* API.swift */ = {isa = PBXFileReference; lastKnownFileType = sourcecode.swift; path = API.swift; sourceTree = "<group>"; };
		7813E25C2B1ECA2C00267669 /* APIError.swift */ = {isa = PBXFileReference; lastKnownFileType = sourcecode.swift; path = APIError.swift; sourceTree = "<group>"; };
		7813E25F2B1ECB9C00267669 /* URLSessionProtocol.swift */ = {isa = PBXFileReference; lastKnownFileType = sourcecode.swift; path = URLSessionProtocol.swift; sourceTree = "<group>"; };
		7813E2612B1EF07A00267669 /* StubURLSession.swift */ = {isa = PBXFileReference; lastKnownFileType = sourcecode.swift; path = StubURLSession.swift; sourceTree = "<group>"; };
		7813E2632B1EF0A800267669 /* DummyData.swift */ = {isa = PBXFileReference; lastKnownFileType = sourcecode.swift; path = DummyData.swift; sourceTree = "<group>"; };
		7813E2652B1EF0F800267669 /* StubURLSessionDataTask.swift */ = {isa = PBXFileReference; lastKnownFileType = sourcecode.swift; path = StubURLSessionDataTask.swift; sourceTree = "<group>"; };
		7813E2672B1EF29800267669 /* StubUrlSessionTests.swift */ = {isa = PBXFileReference; lastKnownFileType = sourcecode.swift; path = StubUrlSessionTests.swift; sourceTree = "<group>"; };
/* End PBXFileReference section */

/* Begin PBXFrameworksBuildPhase section */
		7813E22D2B1EB11800267669 /* Frameworks */ = {
			isa = PBXFrameworksBuildPhase;
			buildActionMask = 2147483647;
			files = (
			);
			runOnlyForDeploymentPostprocessing = 0;
		};
		7813E2482B1EB12500267669 /* Frameworks */ = {
			isa = PBXFrameworksBuildPhase;
			buildActionMask = 2147483647;
			files = (
			);
			runOnlyForDeploymentPostprocessing = 0;
		};
/* End PBXFrameworksBuildPhase section */

/* Begin PBXGroup section */
		7813E2272B1EB11800267669 = {
			isa = PBXGroup;
			children = (
				7813E2322B1EB11800267669 /* UrlSessionUnitTestSample */,
				7813E24C2B1EB12500267669 /* UrlSessionUnitTestSampleTests */,
				7813E2312B1EB11800267669 /* Products */,
			);
			sourceTree = "<group>";
		};
		7813E2312B1EB11800267669 /* Products */ = {
			isa = PBXGroup;
			children = (
				7813E2302B1EB11800267669 /* UrlSessionUnitTestSample.app */,
				7813E24B2B1EB12500267669 /* UrlSessionUnitTestSampleTests.xctest */,
			);
			name = Products;
			sourceTree = "<group>";
		};
		7813E2322B1EB11800267669 /* UrlSessionUnitTestSample */ = {
			isa = PBXGroup;
			children = (
				7813E2562B1EC8DE00267669 /* Application */,
				7813E2582B1EC9A000267669 /* API */,
				7813E25E2B1ECB8400267669 /* TestDouble */,
			);
			path = UrlSessionUnitTestSample;
			sourceTree = "<group>";
		};
		7813E24C2B1EB12500267669 /* UrlSessionUnitTestSampleTests */ = {
			isa = PBXGroup;
			children = (
				7813E24D2B1EB12500267669 /* UrlSessionUnitTestSampleTests.swift */,
				7813E2672B1EF29800267669 /* StubUrlSessionTests.swift */,
			);
			path = UrlSessionUnitTestSampleTests;
			sourceTree = "<group>";
		};
		7813E2562B1EC8DE00267669 /* Application */ = {
			isa = PBXGroup;
			children = (
				7813E2332B1EB11800267669 /* AppDelegate.swift */,
				7813E2352B1EB11800267669 /* SceneDelegate.swift */,
				7813E2372B1EB11800267669 /* ViewController.swift */,
				7813E2392B1EB11800267669 /* Main.storyboard */,
				7813E23E2B1EB11900267669 /* LaunchScreen.storyboard */,
				7813E23C2B1EB11900267669 /* Assets.xcassets */,
				7813E2412B1EB11900267669 /* Info.plist */,
			);
			path = Application;
			sourceTree = "<group>";
		};
		7813E2582B1EC9A000267669 /* API */ = {
			isa = PBXGroup;
			children = (
				7813E2592B1EC9B000267669 /* API.swift */,
				7813E25C2B1ECA2C00267669 /* APIError.swift */,
			);
			path = API;
			sourceTree = "<group>";
		};
		7813E25E2B1ECB8400267669 /* TestDouble */ = {
			isa = PBXGroup;
			children = (
				7813E25F2B1ECB9C00267669 /* URLSessionProtocol.swift */,
				7813E2632B1EF0A800267669 /* DummyData.swift */,
				7813E2652B1EF0F800267669 /* StubURLSessionDataTask.swift */,
				7813E2612B1EF07A00267669 /* StubURLSession.swift */,
			);
			path = TestDouble;
			sourceTree = "<group>";
		};
/* End PBXGroup section */

/* Begin PBXNativeTarget section */
		7813E22F2B1EB11800267669 /* UrlSessionUnitTestSample */ = {
			isa = PBXNativeTarget;
			buildConfigurationList = 7813E2442B1EB11900267669 /* Build configuration list for PBXNativeTarget "UrlSessionUnitTestSample" */;
			buildPhases = (
				7813E22C2B1EB11800267669 /* Sources */,
				7813E22D2B1EB11800267669 /* Frameworks */,
				7813E22E2B1EB11800267669 /* Resources */,
			);
			buildRules = (
			);
			dependencies = (
			);
			name = UrlSessionUnitTestSample;
			productName = UrlSessionUnitTestSample;
			productReference = 7813E2302B1EB11800267669 /* UrlSessionUnitTestSample.app */;
			productType = "com.apple.product-type.application";
		};
		7813E24A2B1EB12500267669 /* UrlSessionUnitTestSampleTests */ = {
			isa = PBXNativeTarget;
			buildConfigurationList = 7813E2512B1EB12500267669 /* Build configuration list for PBXNativeTarget "UrlSessionUnitTestSampleTests" */;
			buildPhases = (
				7813E2472B1EB12500267669 /* Sources */,
				7813E2482B1EB12500267669 /* Frameworks */,
				7813E2492B1EB12500267669 /* Resources */,
			);
			buildRules = (
			);
			dependencies = (
				7813E2502B1EB12500267669 /* PBXTargetDependency */,
			);
			name = UrlSessionUnitTestSampleTests;
			productName = UrlSessionUnitTestSampleTests;
			productReference = 7813E24B2B1EB12500267669 /* UrlSessionUnitTestSampleTests.xctest */;
			productType = "com.apple.product-type.bundle.unit-test";
		};
/* End PBXNativeTarget section */

/* Begin PBXProject section */
		7813E2282B1EB11800267669 /* Project object */ = {
			isa = PBXProject;
			attributes = {
				BuildIndependentTargetsInParallel = 1;
				LastSwiftUpdateCheck = 1500;
				LastUpgradeCheck = 1500;
				TargetAttributes = {
					7813E22F2B1EB11800267669 = {
						CreatedOnToolsVersion = 15.0.1;
					};
					7813E24A2B1EB12500267669 = {
						CreatedOnToolsVersion = 15.0.1;
						TestTargetID = 7813E22F2B1EB11800267669;
					};
				};
			};
			buildConfigurationList = 7813E22B2B1EB11800267669 /* Build configuration list for PBXProject "UrlSessionUnitTestSample" */;
			compatibilityVersion = "Xcode 14.0";
			developmentRegion = en;
			hasScannedForEncodings = 0;
			knownRegions = (
				en,
				Base,
			);
			mainGroup = 7813E2272B1EB11800267669;
			productRefGroup = 7813E2312B1EB11800267669 /* Products */;
			projectDirPath = "";
			projectRoot = "";
			targets = (
				7813E22F2B1EB11800267669 /* UrlSessionUnitTestSample */,
				7813E24A2B1EB12500267669 /* UrlSessionUnitTestSampleTests */,
			);
		};
/* End PBXProject section */

/* Begin PBXResourcesBuildPhase section */
		7813E22E2B1EB11800267669 /* Resources */ = {
			isa = PBXResourcesBuildPhase;
			buildActionMask = 2147483647;
			files = (
				7813E2402B1EB11900267669 /* LaunchScreen.storyboard in Resources */,
				7813E23D2B1EB11900267669 /* Assets.xcassets in Resources */,
				7813E23B2B1EB11800267669 /* Main.storyboard in Resources */,
			);
			runOnlyForDeploymentPostprocessing = 0;
		};
		7813E2492B1EB12500267669 /* Resources */ = {
			isa = PBXResourcesBuildPhase;
			buildActionMask = 2147483647;
			files = (
			);
			runOnlyForDeploymentPostprocessing = 0;
		};
/* End PBXResourcesBuildPhase section */

/* Begin PBXSourcesBuildPhase section */
		7813E22C2B1EB11800267669 /* Sources */ = {
			isa = PBXSourcesBuildPhase;
			buildActionMask = 2147483647;
			files = (
				7813E2642B1EF0A800267669 /* DummyData.swift in Sources */,
				7813E2602B1ECB9C00267669 /* URLSessionProtocol.swift in Sources */,
				7813E2382B1EB11800267669 /* ViewController.swift in Sources */,
				7813E2342B1EB11800267669 /* AppDelegate.swift in Sources */,
				7813E2362B1EB11800267669 /* SceneDelegate.swift in Sources */,
				7813E2662B1EF0F800267669 /* StubURLSessionDataTask.swift in Sources */,
				7813E25A2B1EC9B000267669 /* API.swift in Sources */,
				7813E25D2B1ECA2C00267669 /* APIError.swift in Sources */,
				7813E2622B1EF07A00267669 /* StubURLSession.swift in Sources */,
			);
			runOnlyForDeploymentPostprocessing = 0;
		};
		7813E2472B1EB12500267669 /* Sources */ = {
			isa = PBXSourcesBuildPhase;
			buildActionMask = 2147483647;
			files = (
				7813E2682B1EF29800267669 /* StubUrlSessionTests.swift in Sources */,
				7813E24E2B1EB12500267669 /* UrlSessionUnitTestSampleTests.swift in Sources */,
			);
			runOnlyForDeploymentPostprocessing = 0;
		};
/* End PBXSourcesBuildPhase section */

/* Begin PBXTargetDependency section */
		7813E2502B1EB12500267669 /* PBXTargetDependency */ = {
			isa = PBXTargetDependency;
			target = 7813E22F2B1EB11800267669 /* UrlSessionUnitTestSample */;
			targetProxy = 7813E24F2B1EB12500267669 /* PBXContainerItemProxy */;
		};
/* End PBXTargetDependency section */

/* Begin PBXVariantGroup section */
		7813E2392B1EB11800267669 /* Main.storyboard */ = {
			isa = PBXVariantGroup;
			children = (
				7813E23A2B1EB11800267669 /* Base */,
			);
			name = Main.storyboard;
			sourceTree = "<group>";
		};
		7813E23E2B1EB11900267669 /* LaunchScreen.storyboard */ = {
			isa = PBXVariantGroup;
			children = (
				7813E23F2B1EB11900267669 /* Base */,
			);
			name = LaunchScreen.storyboard;
			sourceTree = "<group>";
		};
/* End PBXVariantGroup section */

/* Begin XCBuildConfiguration section */
		7813E2422B1EB11900267669 /* Debug */ = {
			isa = XCBuildConfiguration;
			buildSettings = {
				ALWAYS_SEARCH_USER_PATHS = NO;
				ASSETCATALOG_COMPILER_GENERATE_SWIFT_ASSET_SYMBOL_EXTENSIONS = YES;
				CLANG_ANALYZER_NONNULL = YES;
				CLANG_ANALYZER_NUMBER_OBJECT_CONVERSION = YES_AGGRESSIVE;
				CLANG_CXX_LANGUAGE_STANDARD = "gnu++20";
				CLANG_ENABLE_MODULES = YES;
				CLANG_ENABLE_OBJC_ARC = YES;
				CLANG_ENABLE_OBJC_WEAK = YES;
				CLANG_WARN_BLOCK_CAPTURE_AUTORELEASING = YES;
				CLANG_WARN_BOOL_CONVERSION = YES;
				CLANG_WARN_COMMA = YES;
				CLANG_WARN_CONSTANT_CONVERSION = YES;
				CLANG_WARN_DEPRECATED_OBJC_IMPLEMENTATIONS = YES;
				CLANG_WARN_DIRECT_OBJC_ISA_USAGE = YES_ERROR;
				CLANG_WARN_DOCUMENTATION_COMMENTS = YES;
				CLANG_WARN_EMPTY_BODY = YES;
				CLANG_WARN_ENUM_CONVERSION = YES;
				CLANG_WARN_INFINITE_RECURSION = YES;
				CLANG_WARN_INT_CONVERSION = YES;
				CLANG_WARN_NON_LITERAL_NULL_CONVERSION = YES;
				CLANG_WARN_OBJC_IMPLICIT_RETAIN_SELF = YES;
				CLANG_WARN_OBJC_LITERAL_CONVERSION = YES;
				CLANG_WARN_OBJC_ROOT_CLASS = YES_ERROR;
				CLANG_WARN_QUOTED_INCLUDE_IN_FRAMEWORK_HEADER = YES;
				CLANG_WARN_RANGE_LOOP_ANALYSIS = YES;
				CLANG_WARN_STRICT_PROTOTYPES = YES;
				CLANG_WARN_SUSPICIOUS_MOVE = YES;
				CLANG_WARN_UNGUARDED_AVAILABILITY = YES_AGGRESSIVE;
				CLANG_WARN_UNREACHABLE_CODE = YES;
				CLANG_WARN__DUPLICATE_METHOD_MATCH = YES;
				COPY_PHASE_STRIP = NO;
				DEBUG_INFORMATION_FORMAT = dwarf;
				ENABLE_STRICT_OBJC_MSGSEND = YES;
				ENABLE_TESTABILITY = YES;
				ENABLE_USER_SCRIPT_SANDBOXING = YES;
				GCC_C_LANGUAGE_STANDARD = gnu17;
				GCC_DYNAMIC_NO_PIC = NO;
				GCC_NO_COMMON_BLOCKS = YES;
				GCC_OPTIMIZATION_LEVEL = 0;
				GCC_PREPROCESSOR_DEFINITIONS = (
					"DEBUG=1",
					"$(inherited)",
				);
				GCC_WARN_64_TO_32_BIT_CONVERSION = YES;
				GCC_WARN_ABOUT_RETURN_TYPE = YES_ERROR;
				GCC_WARN_UNDECLARED_SELECTOR = YES;
				GCC_WARN_UNINITIALIZED_AUTOS = YES_AGGRESSIVE;
				GCC_WARN_UNUSED_FUNCTION = YES;
				GCC_WARN_UNUSED_VARIABLE = YES;
				IPHONEOS_DEPLOYMENT_TARGET = 17.0;
				LOCALIZATION_PREFERS_STRING_CATALOGS = YES;
				MTL_ENABLE_DEBUG_INFO = INCLUDE_SOURCE;
				MTL_FAST_MATH = YES;
				ONLY_ACTIVE_ARCH = YES;
				SDKROOT = iphoneos;
				SWIFT_ACTIVE_COMPILATION_CONDITIONS = "DEBUG $(inherited)";
				SWIFT_OPTIMIZATION_LEVEL = "-Onone";
			};
			name = Debug;
		};
		7813E2432B1EB11900267669 /* Release */ = {
			isa = XCBuildConfiguration;
			buildSettings = {
				ALWAYS_SEARCH_USER_PATHS = NO;
				ASSETCATALOG_COMPILER_GENERATE_SWIFT_ASSET_SYMBOL_EXTENSIONS = YES;
				CLANG_ANALYZER_NONNULL = YES;
				CLANG_ANALYZER_NUMBER_OBJECT_CONVERSION = YES_AGGRESSIVE;
				CLANG_CXX_LANGUAGE_STANDARD = "gnu++20";
				CLANG_ENABLE_MODULES = YES;
				CLANG_ENABLE_OBJC_ARC = YES;
				CLANG_ENABLE_OBJC_WEAK = YES;
				CLANG_WARN_BLOCK_CAPTURE_AUTORELEASING = YES;
				CLANG_WARN_BOOL_CONVERSION = YES;
				CLANG_WARN_COMMA = YES;
				CLANG_WARN_CONSTANT_CONVERSION = YES;
				CLANG_WARN_DEPRECATED_OBJC_IMPLEMENTATIONS = YES;
				CLANG_WARN_DIRECT_OBJC_ISA_USAGE = YES_ERROR;
				CLANG_WARN_DOCUMENTATION_COMMENTS = YES;
				CLANG_WARN_EMPTY_BODY = YES;
				CLANG_WARN_ENUM_CONVERSION = YES;
				CLANG_WARN_INFINITE_RECURSION = YES;
				CLANG_WARN_INT_CONVERSION = YES;
				CLANG_WARN_NON_LITERAL_NULL_CONVERSION = YES;
				CLANG_WARN_OBJC_IMPLICIT_RETAIN_SELF = YES;
				CLANG_WARN_OBJC_LITERAL_CONVERSION = YES;
				CLANG_WARN_OBJC_ROOT_CLASS = YES_ERROR;
				CLANG_WARN_QUOTED_INCLUDE_IN_FRAMEWORK_HEADER = YES;
				CLANG_WARN_RANGE_LOOP_ANALYSIS = YES;
				CLANG_WARN_STRICT_PROTOTYPES = YES;
				CLANG_WARN_SUSPICIOUS_MOVE = YES;
				CLANG_WARN_UNGUARDED_AVAILABILITY = YES_AGGRESSIVE;
				CLANG_WARN_UNREACHABLE_CODE = YES;
				CLANG_WARN__DUPLICATE_METHOD_MATCH = YES;
				COPY_PHASE_STRIP = NO;
				DEBUG_INFORMATION_FORMAT = "dwarf-with-dsym";
				ENABLE_NS_ASSERTIONS = NO;
				ENABLE_STRICT_OBJC_MSGSEND = YES;
				ENABLE_USER_SCRIPT_SANDBOXING = YES;
				GCC_C_LANGUAGE_STANDARD = gnu17;
				GCC_NO_COMMON_BLOCKS = YES;
				GCC_WARN_64_TO_32_BIT_CONVERSION = YES;
				GCC_WARN_ABOUT_RETURN_TYPE = YES_ERROR;
				GCC_WARN_UNDECLARED_SELECTOR = YES;
				GCC_WARN_UNINITIALIZED_AUTOS = YES_AGGRESSIVE;
				GCC_WARN_UNUSED_FUNCTION = YES;
				GCC_WARN_UNUSED_VARIABLE = YES;
				IPHONEOS_DEPLOYMENT_TARGET = 17.0;
				LOCALIZATION_PREFERS_STRING_CATALOGS = YES;
				MTL_ENABLE_DEBUG_INFO = NO;
				MTL_FAST_MATH = YES;
				SDKROOT = iphoneos;
				SWIFT_COMPILATION_MODE = wholemodule;
				VALIDATE_PRODUCT = YES;
			};
			name = Release;
		};
		7813E2452B1EB11900267669 /* Debug */ = {
			isa = XCBuildConfiguration;
			buildSettings = {
				ASSETCATALOG_COMPILER_APPICON_NAME = AppIcon;
				ASSETCATALOG_COMPILER_GLOBAL_ACCENT_COLOR_NAME = AccentColor;
				CODE_SIGN_STYLE = Automatic;
				CURRENT_PROJECT_VERSION = 1;
				DEVELOPMENT_TEAM = 5WNP4LSBY4;
				GENERATE_INFOPLIST_FILE = YES;
				INFOPLIST_FILE = UrlSessionUnitTestSample/Application/Info.plist;
				INFOPLIST_KEY_UIApplicationSupportsIndirectInputEvents = YES;
				INFOPLIST_KEY_UILaunchStoryboardName = LaunchScreen;
				INFOPLIST_KEY_UIMainStoryboardFile = Main;
				INFOPLIST_KEY_UISupportedInterfaceOrientations_iPad = "UIInterfaceOrientationPortrait UIInterfaceOrientationPortraitUpsideDown UIInterfaceOrientationLandscapeLeft UIInterfaceOrientationLandscapeRight";
				INFOPLIST_KEY_UISupportedInterfaceOrientations_iPhone = "UIInterfaceOrientationPortrait UIInterfaceOrientationLandscapeLeft UIInterfaceOrientationLandscapeRight";
				LD_RUNPATH_SEARCH_PATHS = (
					"$(inherited)",
					"@executable_path/Frameworks",
				);
				MARKETING_VERSION = 1.0;
				PRODUCT_BUNDLE_IDENTIFIER = com.cyeond.UrlSessionUnitTestSample;
				PRODUCT_NAME = "$(TARGET_NAME)";
				SWIFT_EMIT_LOC_STRINGS = YES;
				SWIFT_VERSION = 5.0;
				TARGETED_DEVICE_FAMILY = "1,2";
			};
			name = Debug;
		};
		7813E2462B1EB11900267669 /* Release */ = {
			isa = XCBuildConfiguration;
			buildSettings = {
				ASSETCATALOG_COMPILER_APPICON_NAME = AppIcon;
				ASSETCATALOG_COMPILER_GLOBAL_ACCENT_COLOR_NAME = AccentColor;
				CODE_SIGN_STYLE = Automatic;
				CURRENT_PROJECT_VERSION = 1;
				DEVELOPMENT_TEAM = 5WNP4LSBY4;
				GENERATE_INFOPLIST_FILE = YES;
				INFOPLIST_FILE = UrlSessionUnitTestSample/Application/Info.plist;
				INFOPLIST_KEY_UIApplicationSupportsIndirectInputEvents = YES;
				INFOPLIST_KEY_UILaunchStoryboardName = LaunchScreen;
				INFOPLIST_KEY_UIMainStoryboardFile = Main;
				INFOPLIST_KEY_UISupportedInterfaceOrientations_iPad = "UIInterfaceOrientationPortrait UIInterfaceOrientationPortraitUpsideDown UIInterfaceOrientationLandscapeLeft UIInterfaceOrientationLandscapeRight";
				INFOPLIST_KEY_UISupportedInterfaceOrientations_iPhone = "UIInterfaceOrientationPortrait UIInterfaceOrientationLandscapeLeft UIInterfaceOrientationLandscapeRight";
				LD_RUNPATH_SEARCH_PATHS = (
					"$(inherited)",
					"@executable_path/Frameworks",
				);
				MARKETING_VERSION = 1.0;
				PRODUCT_BUNDLE_IDENTIFIER = com.cyeond.UrlSessionUnitTestSample;
				PRODUCT_NAME = "$(TARGET_NAME)";
				SWIFT_EMIT_LOC_STRINGS = YES;
				SWIFT_VERSION = 5.0;
				TARGETED_DEVICE_FAMILY = "1,2";
			};
			name = Release;
		};
		7813E2522B1EB12500267669 /* Debug */ = {
			isa = XCBuildConfiguration;
			buildSettings = {
				BUNDLE_LOADER = "$(TEST_HOST)";
				CODE_SIGN_STYLE = Automatic;
				CURRENT_PROJECT_VERSION = 1;
				DEVELOPMENT_TEAM = 5WNP4LSBY4;
				GENERATE_INFOPLIST_FILE = YES;
				IPHONEOS_DEPLOYMENT_TARGET = 17.0;
				MACOSX_DEPLOYMENT_TARGET = 14.0;
				MARKETING_VERSION = 1.0;
				PRODUCT_BUNDLE_IDENTIFIER = com.cyeond.UrlSessionUnitTestSampleTests;
				PRODUCT_NAME = "$(TARGET_NAME)";
				SDKROOT = auto;
				SUPPORTED_PLATFORMS = "iphoneos iphonesimulator macosx";
				SWIFT_EMIT_LOC_STRINGS = NO;
				SWIFT_VERSION = 5.0;
				TARGETED_DEVICE_FAMILY = "1,2";
				TEST_HOST = "$(BUILT_PRODUCTS_DIR)/UrlSessionUnitTestSample.app/$(BUNDLE_EXECUTABLE_FOLDER_PATH)/UrlSessionUnitTestSample";
			};
			name = Debug;
		};
		7813E2532B1EB12500267669 /* Release */ = {
			isa = XCBuildConfiguration;
			buildSettings = {
				BUNDLE_LOADER = "$(TEST_HOST)";
				CODE_SIGN_STYLE = Automatic;
				CURRENT_PROJECT_VERSION = 1;
				DEVELOPMENT_TEAM = 5WNP4LSBY4;
				GENERATE_INFOPLIST_FILE = YES;
				IPHONEOS_DEPLOYMENT_TARGET = 17.0;
				MACOSX_DEPLOYMENT_TARGET = 14.0;
				MARKETING_VERSION = 1.0;
				PRODUCT_BUNDLE_IDENTIFIER = com.cyeond.UrlSessionUnitTestSampleTests;
				PRODUCT_NAME = "$(TARGET_NAME)";
				SDKROOT = auto;
				SUPPORTED_PLATFORMS = "iphoneos iphonesimulator macosx";
				SWIFT_EMIT_LOC_STRINGS = NO;
				SWIFT_VERSION = 5.0;
				TARGETED_DEVICE_FAMILY = "1,2";
				TEST_HOST = "$(BUILT_PRODUCTS_DIR)/UrlSessionUnitTestSample.app/$(BUNDLE_EXECUTABLE_FOLDER_PATH)/UrlSessionUnitTestSample";
			};
			name = Release;
		};
/* End XCBuildConfiguration section */

/* Begin XCConfigurationList section */
		7813E22B2B1EB11800267669 /* Build configuration list for PBXProject "UrlSessionUnitTestSample" */ = {
			isa = XCConfigurationList;
			buildConfigurations = (
				7813E2422B1EB11900267669 /* Debug */,
				7813E2432B1EB11900267669 /* Release */,
			);
			defaultConfigurationIsVisible = 0;
			defaultConfigurationName = Release;
		};
		7813E2442B1EB11900267669 /* Build configuration list for PBXNativeTarget "UrlSessionUnitTestSample" */ = {
			isa = XCConfigurationList;
			buildConfigurations = (
				7813E2452B1EB11900267669 /* Debug */,
				7813E2462B1EB11900267669 /* Release */,
			);
			defaultConfigurationIsVisible = 0;
			defaultConfigurationName = Release;
		};
		7813E2512B1EB12500267669 /* Build configuration list for PBXNativeTarget "UrlSessionUnitTestSampleTests" */ = {
			isa = XCConfigurationList;
			buildConfigurations = (
				7813E2522B1EB12500267669 /* Debug */,
				7813E2532B1EB12500267669 /* Release */,
			);
			defaultConfigurationIsVisible = 0;
			defaultConfigurationName = Release;
		};
/* End XCConfigurationList section */
	};
	rootObject = 7813E2282B1EB11800267669 /* Project object */;
}
